<?xml version="1.0" encoding="utf-8"?>
<Project ToolsVersion="4.0" xmlns="http://schemas.microsoft.com/developer/msbuild/2003">
  <ItemGroup>
    <Filter Include="src">
      <UniqueIdentifier>{45535900-f23a-458f-af3e-edb33fd9b0c0}</UniqueIdentifier>
    </Filter>
    <Filter Include="src\imgui">
      <UniqueIdentifier>{ee6a5e50-3788-4d29-9c50-f47ef72caa2a}</UniqueIdentifier>
    </Filter>
    <Filter Include="src\Utils">
      <UniqueIdentifier>{55655b6d-d87f-48a7-afb4-cf1be66f6407}</UniqueIdentifier>
    </Filter>
    <Filter Include="src\Hooks">
      <UniqueIdentifier>{6726f7a2-e333-4efa-bb62-65a8927fab12}</UniqueIdentifier>
    </Filter>
    <Filter Include="src\Game">
      <UniqueIdentifier>{7722fae0-f19b-4467-a0e8-f108faf34f8a}</UniqueIdentifier>
    </Filter>
    <Filter Include="src\json11">
      <UniqueIdentifier>{70b07e1b-cd55-4525-8db6-4c5d81159e81}</UniqueIdentifier>
    </Filter>
    <Filter Include="src\Tools">
      <UniqueIdentifier>{1069b9f0-db61-4e83-8718-78fcd933abab}</UniqueIdentifier>
    </Filter>
    <Filter Include="src\picosha2">
      <UniqueIdentifier>{9c4d46e8-c37d-488b-9665-be7d40493cb0}</UniqueIdentifier>
    </Filter>
  </ItemGroup>
  <ItemGroup>
    <ClCompile Include="src\dllmain.cpp">
      <Filter>src</Filter>
    </ClCompile>
    <ClCompile Include="src\ImGui_Impl.cpp">
      <Filter>src</Filter>
    </ClCompile>
    <ClCompile Include="src\pch.cpp">
      <Filter>src</Filter>
    </ClCompile>
    <ClCompile Include="src\Utils\CallHook.cpp">
      <Filter>src\Utils</Filter>
    </ClCompile>
    <ClCompile Include="src\Utils\CodePatch.cpp">
      <Filter>src\Utils</Filter>
    </ClCompile>
    <ClCompile Include="src\imgui\imgui.cpp">
      <Filter>src\imgui</Filter>
    </ClCompile>
    <ClCompile Include="src\imgui\imgui_demo.cpp">
      <Filter>src\imgui</Filter>
    </ClCompile>
    <ClCompile Include="src\imgui\imgui_draw.cpp">
      <Filter>src\imgui</Filter>
    </ClCompile>
    <ClCompile Include="src\imgui\imgui_tables.cpp">
      <Filter>src\imgui</Filter>
    </ClCompile>
    <ClCompile Include="src\imgui\imgui_widgets.cpp">
      <Filter>src\imgui</Filter>
    </ClCompile>
    <ClCompile Include="src\Hooks\D3D9Hook.cpp">
      <Filter>src\Hooks</Filter>
    </ClCompile>
    <ClCompile Include="src\Game\GameData.cpp">
      <Filter>src\Game</Filter>
    </ClCompile>
    <ClCompile Include="src\Hooks\WndProc.cpp">
      <Filter>src\Hooks</Filter>
    </ClCompile>
    <ClCompile Include="src\Utils\TrampHook.cpp">
      <Filter>src\Utils</Filter>
    </ClCompile>
    <ClCompile Include="src\Hooks\Hooks.cpp">
      <Filter>src\Hooks</Filter>
    </ClCompile>
    <ClCompile Include="src\BhdTool.cpp">
      <Filter>src</Filter>
    </ClCompile>
    <ClCompile Include="src\json11\json11.cpp">
      <Filter>src\json11</Filter>
    </ClCompile>
    <ClCompile Include="src\Tools\RoomJumpTool.cpp">
      <Filter>src\Tools</Filter>
    </ClCompile>
    <ClCompile Include="src\Tools\InventoryTool.cpp">
      <Filter>src\Tools</Filter>
    </ClCompile>
    <ClCompile Include="src\Tools\SaveTool.cpp">
      <Filter>src\Tools</Filter>
    </ClCompile>
    <ClCompile Include="src\Tools\OptionsTool.cpp">
      <Filter>src\Tools</Filter>
    </ClCompile>
    <ClCompile Include="src\Settings.cpp">
      <Filter>src</Filter>
    </ClCompile>
    <ClCompile Include="src\Utils\Memory.cpp">
      <Filter>src\Utils</Filter>
    </ClCompile>
    <ClCompile Include="src\Game\GameVersion.cpp">
      <Filter>src\Game</Filter>
    </ClCompile>
    <ClCompile Include="src\Tools\CheatTool.cpp">
      <Filter>src\Tools</Filter>
    </ClCompile>
  </ItemGroup>
  <ItemGroup>
    <ClInclude Include="src\ImGui_Impl.h">
      <Filter>src</Filter>
    </ClInclude>
    <ClInclude Include="src\pch.h">
      <Filter>src</Filter>
    </ClInclude>
    <ClInclude Include="src\Utils\CallHook.h">
      <Filter>src\Utils</Filter>
    </ClInclude>
    <ClInclude Include="src\Utils\CodePatch.h">
      <Filter>src\Utils</Filter>
    </ClInclude>
    <ClInclude Include="src\imgui\imconfig.h">
      <Filter>src\imgui</Filter>
    </ClInclude>
    <ClInclude Include="src\imgui\imgui.h">
      <Filter>src\imgui</Filter>
    </ClInclude>
    <ClInclude Include="src\imgui\imgui_internal.h">
      <Filter>src\imgui</Filter>
    </ClInclude>
    <ClInclude Include="src\imgui\imstb_rectpack.h">
      <Filter>src\imgui</Filter>
    </ClInclude>
    <ClInclude Include="src\imgui\imstb_textedit.h">
      <Filter>src\imgui</Filter>
    </ClInclude>
    <ClInclude Include="src\imgui\imstb_truetype.h">
      <Filter>src\imgui</Filter>
    </ClInclude>
    <ClInclude Include="src\Game\GameData.h">
      <Filter>src\Game</Filter>
    </ClInclude>
    <ClInclude Include="src\Hooks\D3D9Hook.h">
      <Filter>src\Hooks</Filter>
    </ClInclude>
    <ClInclude Include="src\Hooks\WndProc.h">
      <Filter>src\Hooks</Filter>
    </ClInclude>
    <ClInclude Include="src\Utils\TrampHook.h">
      <Filter>src\Utils</Filter>
    </ClInclude>
    <ClInclude Include="src\Hooks\Hooks.h">
      <Filter>src\Hooks</Filter>
    </ClInclude>
    <ClInclude Include="src\Game\TargetRoomData.h">
      <Filter>src\Game</Filter>
    </ClInclude>
    <ClInclude Include="src\BhdTool.h">
      <Filter>src</Filter>
    </ClInclude>
    <ClInclude Include="src\json11\json11.hpp">
      <Filter>src\json11</Filter>
    </ClInclude>
    <ClInclude Include="src\Tools\RoomJumpTool.h">
      <Filter>src\Tools</Filter>
    </ClInclude>
    <ClInclude Include="src\Tools\InventoryTool.h">
      <Filter>src\Tools</Filter>
    </ClInclude>
    <ClInclude Include="src\Game\Items.h">
      <Filter>src\Game</Filter>
    </ClInclude>
    <ClInclude Include="src\ImGui_Helper.h">
      <Filter>src</Filter>
    </ClInclude>
    <ClInclude Include="src\Tools\SaveTool.h">
      <Filter>src\Tools</Filter>
    </ClInclude>
    <ClInclude Include="src\Tools\OptionsTool.h">
      <Filter>src\Tools</Filter>
    </ClInclude>
    <ClInclude Include="src\Settings.h">
      <Filter>src</Filter>
    </ClInclude>
    <ClInclude Include="src\Utils\Memory.h">
      <Filter>src\Utils</Filter>
    </ClInclude>
    <ClInclude Include="src\picosha2\picosha2.h">
      <Filter>src\picosha2</Filter>
    </ClInclude>
    <ClInclude Include="src\Game\GameVersion.h">
      <Filter>src\Game</Filter>
    </ClInclude>
    <ClInclude Include="src\Tools\CheatTool.h">
      <Filter>src\Tools</Filter>
    </ClInclude>
  </ItemGroup>
</Project>